{
  "version": 4,
  "terraform_version": "1.5.7",
  "serial": 51,
  "lineage": "c7e6723f-9484-a95f-ed3e-d1ffbc742cca",
  "outputs": {
    "rds_endpoint": {
      "value": "christian-lime-ai-dev-postgresdb.cvkj09hn6us5.eu-north-1.rds.amazonaws.com:5432",
      "type": "string"
    },
    "sqs_queue_url": {
      "value": "https://sqs.eu-north-1.amazonaws.com/802026442401/christian-lime-ai-dev-transactions-sqs",
      "type": "string"
    }
  },
  "resources": [
    {
      "module": "module.ec2_agent",
      "mode": "managed",
      "type": "aws_eip",
      "name": "this",
      "provider": "provider[\"registry.terraform.io/hashicorp/aws\"]",
      "instances": [
        {
          "schema_version": 0,
          "attributes": {
            "address": null,
            "allocation_id": "eipalloc-0f8a622df9e83650c",
            "arn": "arn:aws:ec2:eu-north-1:802026442401:elastic-ip/eipalloc-0f8a622df9e83650c",
            "associate_with_private_ip": null,
            "association_id": "eipassoc-0c3871bd3d2dff911",
            "carrier_ip": "",
            "customer_owned_ip": "",
            "customer_owned_ipv4_pool": "",
            "domain": "vpc",
            "id": "eipalloc-0f8a622df9e83650c",
            "instance": "i-03bfbbec973b93afc",
            "ipam_pool_id": null,
            "network_border_group": "eu-north-1",
            "network_interface": "eni-0050a0491f310a98c",
            "private_dns": "ip-10-0-1-20.eu-north-1.compute.internal",
            "private_ip": "10.0.1.20",
            "ptr_record": "",
            "public_dns": "ec2-13-63-100-121.eu-north-1.compute.amazonaws.com",
            "public_ip": "13.63.100.121",
            "public_ipv4_pool": "amazon",
            "tags": {
              "Name": "christian-lime-ai-dev-ec2-eip"
            },
            "tags_all": {
              "Name": "christian-lime-ai-dev-ec2-eip"
            },
            "timeouts": null,
            "vpc": true
          },
          "sensitive_attributes": [],
          "private": "eyJlMmJmYjczMC1lY2FhLTExZTYtOGY4OC0zNDM2M2JjN2M0YzAiOnsiZGVsZXRlIjoxODAwMDAwMDAwMDAsInJlYWQiOjkwMDAwMDAwMDAwMCwidXBkYXRlIjozMDAwMDAwMDAwMDB9fQ==",
          "dependencies": [
            "module.ec2_agent.aws_iam_instance_profile.this",
            "module.ec2_agent.aws_iam_role.this",
            "module.ec2_agent.aws_instance.this",
            "module.ec2_agent.aws_security_group.this",
            "module.vpc.aws_subnet.public",
            "module.vpc.aws_vpc.main"
          ]
        }
      ]
    },
    {
      "module": "module.ec2_agent",
      "mode": "managed",
      "type": "aws_iam_instance_profile",
      "name": "this",
      "provider": "provider[\"registry.terraform.io/hashicorp/aws\"]",
      "instances": [
        {
          "schema_version": 0,
          "attributes": {
            "arn": "arn:aws:iam::802026442401:instance-profile/christian-lime-ai-dev-ec2-agent-profile",
            "create_date": "2026-03-20T22:05:05Z",
            "id": "christian-lime-ai-dev-ec2-agent-profile",
            "name": "christian-lime-ai-dev-ec2-agent-profile",
            "name_prefix": "",
            "path": "/",
            "role": "christian-lime-ai-dev-ec2-agent-role",
            "tags": {},
            "tags_all": {},
            "unique_id": "AIPA3VPEAJ2Q2L7JD4SNQ"
          },
          "sensitive_attributes": [],
          "private": "bnVsbA==",
          "dependencies": [
            "module.ec2_agent.aws_iam_role.this"
          ]
        }
      ]
    },
    {
      "module": "module.ec2_agent",
      "mode": "managed",
      "type": "aws_iam_role",
      "name": "this",
      "provider": "provider[\"registry.terraform.io/hashicorp/aws\"]",
      "instances": [
        {
          "schema_version": 0,
          "attributes": {
            "arn": "arn:aws:iam::802026442401:role/christian-lime-ai-dev-ec2-agent-role",
            "assume_role_policy": "{\"Statement\":[{\"Action\":\"sts:AssumeRole\",\"Effect\":\"Allow\",\"Principal\":{\"Service\":\"ec2.amazonaws.com\"}}],\"Version\":\"2012-10-17\"}",
            "create_date": "2026-03-20T22:05:04Z",
            "description": "",
            "force_detach_policies": false,
            "id": "christian-lime-ai-dev-ec2-agent-role",
            "inline_policy": [
              {
                "name": "christian-lime-ai-dev-ec2-policy",
                "policy": "{\"Version\":\"2012-10-17\",\"Statement\":[{\"Action\":[\"sqs:*\"],\"Effect\":\"Allow\",\"Resource\":\"arn:aws:sqs:eu-north-1:802026442401:christian-lime-ai-dev-transactions-sqs\"}]}"
              }
            ],
            "managed_policy_arns": [],
            "max_session_duration": 3600,
            "name": "christian-lime-ai-dev-ec2-agent-role",
            "name_prefix": "",
            "path": "/",
            "permissions_boundary": "",
            "tags": {
              "Name": "christian-lime-ai-dev-ec2-agent-role"
            },
            "tags_all": {
              "Name": "christian-lime-ai-dev-ec2-agent-role"
            },
            "unique_id": "AROA3VPEAJ2Q6R7C3XSHD"
          },
          "sensitive_attributes": [],
          "private": "bnVsbA=="
        }
      ]
    },
    {
      "module": "module.ec2_agent",
      "mode": "managed",
      "type": "aws_iam_role_policy",
      "name": "ec2_policy",
      "provider": "provider[\"registry.terraform.io/hashicorp/aws\"]",
      "instances": [
        {
          "schema_version": 0,
          "attributes": {
            "id": "christian-lime-ai-dev-ec2-agent-role:christian-lime-ai-dev-ec2-policy",
            "name": "christian-lime-ai-dev-ec2-policy",
            "name_prefix": "",
            "policy": "{\"Version\":\"2012-10-17\",\"Statement\":[{\"Action\":[\"sqs:*\"],\"Effect\":\"Allow\",\"Resource\":\"arn:aws:sqs:eu-north-1:802026442401:christian-lime-ai-dev-transactions-sqs\"}]}",
            "role": "christian-lime-ai-dev-ec2-agent-role"
          },
          "sensitive_attributes": [],
          "private": "bnVsbA==",
          "dependencies": [
            "module.ec2_agent.aws_iam_role.this",
            "module.sqs.aws_sqs_queue.transactions"
          ]
        }
      ]
    },
    {
      "module": "module.ec2_agent",
      "mode": "managed",
      "type": "aws_instance",
      "name": "this",
      "provider": "provider[\"registry.terraform.io/hashicorp/aws\"]",
      "instances": [
        {
          "schema_version": 1,
          "attributes": {
            "ami": "ami-0079daae53604f8b6",
            "arn": "arn:aws:ec2:eu-north-1:802026442401:instance/i-03bfbbec973b93afc",
            "associate_public_ip_address": true,
            "availability_zone": "eu-north-1a",
            "capacity_reservation_specification": [
              {
                "capacity_reservation_preference": "open",
                "capacity_reservation_target": []
              }
            ],
            "cpu_core_count": 4,
            "cpu_options": [
              {
                "amd_sev_snp": "",
                "core_count": 4,
                "threads_per_core": 2
              }
            ],
            "cpu_threads_per_core": 2,
            "credit_specification": [],
            "disable_api_stop": false,
            "disable_api_termination": false,
            "ebs_block_device": [],
            "ebs_optimized": false,
            "enable_primary_ipv6": null,
            "enclave_options": [
              {
                "enabled": false
              }
            ],
            "ephemeral_block_device": [],
            "get_password_data": false,
            "hibernation": false,
            "host_id": "",
            "host_resource_group_arn": null,
            "iam_instance_profile": "christian-lime-ai-dev-ec2-agent-profile",
            "id": "i-03bfbbec973b93afc",
            "instance_initiated_shutdown_behavior": "stop",
            "instance_lifecycle": "",
            "instance_market_options": [],
            "instance_state": "running",
            "instance_type": "g6.2xlarge",
            "ipv6_address_count": 0,
            "ipv6_addresses": [],
            "key_name": "christian-ec2-key-pair",
            "launch_template": [],
            "maintenance_options": [
              {
                "auto_recovery": "default"
              }
            ],
            "metadata_options": [
              {
                "http_endpoint": "enabled",
                "http_protocol_ipv6": "disabled",
                "http_put_response_hop_limit": 2,
                "http_tokens": "required",
                "instance_metadata_tags": "disabled"
              }
            ],
            "monitoring": false,
            "network_interface": [],
            "outpost_arn": "",
            "password_data": "",
            "placement_group": "",
            "placement_partition_number": 0,
            "primary_network_interface_id": "eni-0050a0491f310a98c",
            "private_dns": "ip-10-0-1-20.eu-north-1.compute.internal",
            "private_dns_name_options": [
              {
                "enable_resource_name_dns_a_record": false,
                "enable_resource_name_dns_aaaa_record": false,
                "hostname_type": "ip-name"
              }
            ],
            "private_ip": "10.0.1.20",
            "public_dns": "ec2-13-63-100-121.eu-north-1.compute.amazonaws.com",
            "public_ip": "13.63.100.121",
            "root_block_device": [
              {
                "delete_on_termination": true,
                "device_name": "/dev/xvda",
                "encrypted": false,
                "iops": 3000,
                "kms_key_id": "",
                "tags": {},
                "tags_all": {},
                "throughput": 125,
                "volume_id": "vol-0b2985f738756f1b9",
                "volume_size": 50,
                "volume_type": "gp3"
              }
            ],
            "secondary_private_ips": [],
            "security_groups": [],
            "source_dest_check": true,
            "spot_instance_request_id": "",
            "subnet_id": "subnet-018e6fec2e6d214d6",
            "tags": {
              "Name": "christian-lime-ai-dev-ec2-agent-instance"
            },
            "tags_all": {
              "Name": "christian-lime-ai-dev-ec2-agent-instance"
            },
            "tenancy": "default",
            "timeouts": null,
            "user_data": null,
            "user_data_base64": null,
            "user_data_replace_on_change": false,
            "volume_tags": null,
            "vpc_security_group_ids": [
              "sg-09a91ddf8efdddf11"
            ]
          },
          "sensitive_attributes": [],
          "private": "eyJlMmJmYjczMC1lY2FhLTExZTYtOGY4OC0zNDM2M2JjN2M0YzAiOnsiY3JlYXRlIjo2MDAwMDAwMDAwMDAsImRlbGV0ZSI6MTIwMDAwMDAwMDAwMCwicmVhZCI6OTAwMDAwMDAwMDAwLCJ1cGRhdGUiOjYwMDAwMDAwMDAwMH0sInNjaGVtYV92ZXJzaW9uIjoiMSJ9",
          "dependencies": [
            "module.ec2_agent.aws_iam_instance_profile.this",
            "module.ec2_agent.aws_iam_role.this",
            "module.ec2_agent.aws_security_group.this",
            "module.vpc.aws_subnet.public",
            "module.vpc.aws_vpc.main"
          ]
        }
      ]
    },
    {
      "module": "module.ec2_agent",
      "mode": "managed",
      "type": "aws_security_group",
      "name": "this",
      "provider": "provider[\"registry.terraform.io/hashicorp/aws\"]",
      "instances": [
        {
          "schema_version": 1,
          "attributes": {
            "arn": "arn:aws:ec2:eu-north-1:802026442401:security-group/sg-09a91ddf8efdddf11",
            "description": "EC2 agent security group",
            "egress": [
              {
                "cidr_blocks": [
                  "0.0.0.0/0"
                ],
                "description": "",
                "from_port": 0,
                "ipv6_cidr_blocks": [],
                "prefix_list_ids": [],
                "protocol": "-1",
                "security_groups": [],
                "self": false,
                "to_port": 0
              }
            ],
            "id": "sg-09a91ddf8efdddf11",
            "ingress": [
              {
                "cidr_blocks": [
                  "87.95.220.168/32"
                ],
                "description": "SSH access",
                "from_port": 22,
                "ipv6_cidr_blocks": [],
                "prefix_list_ids": [],
                "protocol": "tcp",
                "security_groups": [],
                "self": false,
                "to_port": 22
              }
            ],
            "name": "christian-lime-ai-dev-ec2-security-group",
            "name_prefix": "",
            "owner_id": "802026442401",
            "revoke_rules_on_delete": false,
            "tags": {
              "Name": "christian-lime-ai-dev-ec2-security-group"
            },
            "tags_all": {
              "Name": "christian-lime-ai-dev-ec2-security-group"
            },
            "timeouts": null,
            "vpc_id": "vpc-0eedc9f0d02e9df0c"
          },
          "sensitive_attributes": [],
          "private": "eyJlMmJmYjczMC1lY2FhLTExZTYtOGY4OC0zNDM2M2JjN2M0YzAiOnsiY3JlYXRlIjo2MDAwMDAwMDAwMDAsImRlbGV0ZSI6OTAwMDAwMDAwMDAwfSwic2NoZW1hX3ZlcnNpb24iOiIxIn0=",
          "dependencies": [
            "module.vpc.aws_vpc.main"
          ]
        }
      ]
    },
    {
      "module": "module.ecs_backend",
      "mode": "managed",
      "type": "aws_ecr_repository",
      "name": "this",
      "provider": "provider[\"registry.terraform.io/hashicorp/aws\"]",
      "instances": [
        {
          "schema_version": 0,
          "attributes": {
            "arn": "arn:aws:ecr:eu-north-1:802026442401:repository/christian-lime-ai-dev/backend",
            "encryption_configuration": [
              {
                "encryption_type": "AES256",
                "kms_key": ""
              }
            ],
            "force_delete": true,
            "id": "christian-lime-ai-dev/backend",
            "image_scanning_configuration": [
              {
                "scan_on_push": false
              }
            ],
            "image_tag_mutability": "MUTABLE",
            "name": "christian-lime-ai-dev/backend",
            "registry_id": "802026442401",
            "repository_url": "802026442401.dkr.ecr.eu-north-1.amazonaws.com/christian-lime-ai-dev/backend",
            "tags": {
              "Name": "christian-lime-ai-dev-ecr"
            },
            "tags_all": {
              "Name": "christian-lime-ai-dev-ecr"
            },
            "timeouts": null
          },
          "sensitive_attributes": [],
          "private": "eyJlMmJmYjczMC1lY2FhLTExZTYtOGY4OC0zNDM2M2JjN2M0YzAiOnsiZGVsZXRlIjoxMjAwMDAwMDAwMDAwfX0="
        }
      ]
    },
    {
      "module": "module.ecs_backend",
      "mode": "managed",
      "type": "aws_ecs_cluster",
      "name": "this",
      "provider": "provider[\"registry.terraform.io/hashicorp/aws\"]",
      "instances": [
        {
          "schema_version": 0,
          "attributes": {
            "arn": "arn:aws:ecs:eu-north-1:802026442401:cluster/christian-lime-ai-dev-cluster",
            "configuration": [],
            "id": "arn:aws:ecs:eu-north-1:802026442401:cluster/christian-lime-ai-dev-cluster",
            "name": "christian-lime-ai-dev-cluster",
            "service_connect_defaults": [],
            "setting": [
              {
                "name": "containerInsights",
                "value": "disabled"
              }
            ],
            "tags": {
              "Name": "christian-lime-ai-dev-cluster"
            },
            "tags_all": {
              "Name": "christian-lime-ai-dev-cluster"
            }
          },
          "sensitive_attributes": [],
          "private": "bnVsbA=="
        }
      ]
    },
    {
      "module": "module.ecs_backend",
      "mode": "managed",
      "type": "aws_ecs_service",
      "name": "this",
      "provider": "provider[\"registry.terraform.io/hashicorp/aws\"]",
      "instances": [
        {
          "schema_version": 1,
          "attributes": {
            "alarms": [],
            "availability_zone_rebalancing": "DISABLED",
            "capacity_provider_strategy": [],
            "cluster": "arn:aws:ecs:eu-north-1:802026442401:cluster/christian-lime-ai-dev-cluster",
            "deployment_circuit_breaker": [
              {
                "enable": false,
                "rollback": false
              }
            ],
            "deployment_controller": [
              {
                "type": "ECS"
              }
            ],
            "deployment_maximum_percent": 200,
            "deployment_minimum_healthy_percent": 100,
            "desired_count": 1,
            "enable_ecs_managed_tags": false,
            "enable_execute_command": false,
            "force_delete": null,
            "force_new_deployment": null,
            "health_check_grace_period_seconds": 0,
            "iam_role": "/aws-service-role/ecs.amazonaws.com/AWSServiceRoleForECS",
            "id": "arn:aws:ecs:eu-north-1:802026442401:service/christian-lime-ai-dev-cluster/christian-lime-ai-dev-backend-service",
            "launch_type": "FARGATE",
            "load_balancer": [],
            "name": "christian-lime-ai-dev-backend-service",
            "network_configuration": [
              {
                "assign_public_ip": true,
                "security_groups": [
                  "sg-0a72c0aa6aaebcd2a"
                ],
                "subnets": [
                  "subnet-018e6fec2e6d214d6",
                  "subnet-05c6f1717da4d82da"
                ]
              }
            ],
            "ordered_placement_strategy": [],
            "placement_constraints": [],
            "platform_version": "LATEST",
            "propagate_tags": "NONE",
            "scheduling_strategy": "REPLICA",
            "service_connect_configuration": [],
            "service_registries": [],
            "tags": {
              "Name": "christian-lime-ai-dev-backend-service"
            },
            "tags_all": {
              "Name": "christian-lime-ai-dev-backend-service"
            },
            "task_definition": "arn:aws:ecs:eu-north-1:802026442401:task-definition/christian-lime-ai-dev-backend:4",
            "timeouts": null,
            "triggers": {},
            "volume_configuration": [],
            "vpc_lattice_configurations": [],
            "wait_for_steady_state": false
          },
          "sensitive_attributes": [],
          "private": "eyJlMmJmYjczMC1lY2FhLTExZTYtOGY4OC0zNDM2M2JjN2M0YzAiOnsiY3JlYXRlIjoxMjAwMDAwMDAwMDAwLCJkZWxldGUiOjEyMDAwMDAwMDAwMDAsInVwZGF0ZSI6MTIwMDAwMDAwMDAwMH0sInNjaGVtYV92ZXJzaW9uIjoiMSJ9",
          "dependencies": [
            "module.ec2_agent.aws_security_group.this",
            "module.ecs_backend.aws_ecr_repository.this",
            "module.ecs_backend.aws_ecs_cluster.this",
            "module.ecs_backend.aws_ecs_task_definition.this",
            "module.ecs_backend.aws_iam_role.ecs_execution",
            "module.ecs_backend.aws_iam_role.ecs_task",
            "module.ecs_backend.aws_security_group.ecs",
            "module.rds.aws_db_instance.this",
            "module.rds.aws_db_subnet_group.this",
            "module.rds.aws_security_group.this",
            "module.sqs.aws_sqs_queue.transactions",
            "module.vpc.aws_subnet.private",
            "module.vpc.aws_subnet.public",
            "module.vpc.aws_vpc.main"
          ]
        }
      ]
    },
    {
      "module": "module.ecs_backend",
      "mode": "managed",
      "type": "aws_ecs_task_definition",
      "name": "this",
      "provider": "provider[\"registry.terraform.io/hashicorp/aws\"]",
      "instances": [
        {
          "schema_version": 1,
          "attributes": {
            "arn": "arn:aws:ecs:eu-north-1:802026442401:task-definition/christian-lime-ai-dev-backend:4",
            "arn_without_revision": "arn:aws:ecs:eu-north-1:802026442401:task-definition/christian-lime-ai-dev-backend",
            "container_definitions": "[{\"environment\":[{\"name\":\"DB_PASSWORD\",\"value\":\"Sonykamera99!\"},{\"name\":\"DB_USERNAME\",\"value\":\"christian\"},{\"name\":\"POSTGRES_DB_URL\",\"value\":\"christian-lime-ai-dev-postgresdb.cvkj09hn6us5.eu-north-1.rds.amazonaws.com\"},{\"name\":\"SQS_QUEUE_URL\",\"value\":\"https://sqs.eu-north-1.amazonaws.com/802026442401/christian-lime-ai-dev-transactions-sqs\"}],\"essential\":true,\"image\":\"802026442401.dkr.ecr.eu-north-1.amazonaws.com/christian-lime-ai-dev/backend:latest\",\"logConfiguration\":{\"logDriver\":\"awslogs\",\"options\":{\"awslogs-group\":\"/ecs/christian-lime-ai-dev-backend\",\"awslogs-create-group\":\"true\",\"awslogs-region\":\"eu-north-1\",\"awslogs-stream-prefix\":\"backend\"}},\"mountPoints\":[],\"name\":\"backend\",\"portMappings\":[{\"containerPort\":8001,\"hostPort\":8001,\"protocol\":\"tcp\"}],\"systemControls\":[],\"volumesFrom\":[]}]",
            "cpu": "512",
            "enable_fault_injection": false,
            "ephemeral_storage": [],
            "execution_role_arn": "arn:aws:iam::802026442401:role/christian-lime-ai-dev-ecs-execution-role",
            "family": "christian-lime-ai-dev-backend",
            "id": "christian-lime-ai-dev-backend",
            "inference_accelerator": [],
            "ipc_mode": "",
            "memory": "2048",
            "network_mode": "awsvpc",
            "pid_mode": "",
            "placement_constraints": [],
            "proxy_configuration": [],
            "requires_compatibilities": [
              "FARGATE"
            ],
            "revision": 4,
            "runtime_platform": [],
            "skip_destroy": false,
            "tags": {
              "Name": "christian-lime-ai-dev-backend-task"
            },
            "tags_all": {
              "Name": "christian-lime-ai-dev-backend-task"
            },
            "task_role_arn": "arn:aws:iam::802026442401:role/christian-lime-ai-dev-ecs-task-role",
            "track_latest": false,
            "volume": []
          },
          "sensitive_attributes": [
            [
              {
                "type": "get_attr",
                "value": "container_definitions"
              }
            ]
          ],
          "private": "eyJzY2hlbWFfdmVyc2lvbiI6IjEifQ==",
          "dependencies": [
            "module.ec2_agent.aws_security_group.this",
            "module.ecs_backend.aws_ecr_repository.this",
            "module.ecs_backend.aws_iam_role.ecs_execution",
            "module.ecs_backend.aws_iam_role.ecs_task",
            "module.ecs_backend.aws_security_group.ecs",
            "module.rds.aws_db_instance.this",
            "module.rds.aws_db_subnet_group.this",
            "module.rds.aws_security_group.this",
            "module.sqs.aws_sqs_queue.transactions",
            "module.vpc.aws_subnet.private",
            "module.vpc.aws_vpc.main"
          ]
        }
      ]
    },
    {
      "module": "module.ecs_backend",
      "mode": "managed",
      "type": "aws_iam_role",
      "name": "ecs_execution",
      "provider": "provider[\"registry.terraform.io/hashicorp/aws\"]",
      "instances": [
        {
          "schema_version": 0,
          "attributes": {
            "arn": "arn:aws:iam::802026442401:role/christian-lime-ai-dev-ecs-execution-role",
            "assume_role_policy": "{\"Statement\":[{\"Action\":\"sts:AssumeRole\",\"Effect\":\"Allow\",\"Principal\":{\"Service\":\"ecs-tasks.amazonaws.com\"}}],\"Version\":\"2012-10-17\"}",
            "create_date": "2026-03-23T18:25:56Z",
            "description": "",
            "force_detach_policies": false,
            "id": "christian-lime-ai-dev-ecs-execution-role",
            "inline_policy": [
              {
                "name": "christian-lime-ai-dev-ecs-logs-policy",
                "policy": "{\"Version\":\"2012-10-17\",\"Statement\":[{\"Action\":[\"logs:CreateLogGroup\"],\"Effect\":\"Allow\",\"Resource\":\"*\"}]}"
              }
            ],
            "managed_policy_arns": [
              "arn:aws:iam::aws:policy/service-role/AmazonECSTaskExecutionRolePolicy"
            ],
            "max_session_duration": 3600,
            "name": "christian-lime-ai-dev-ecs-execution-role",
            "name_prefix": "",
            "path": "/",
            "permissions_boundary": "",
            "tags": {
              "Name": "christian-lime-ai-dev-ecs-execution-role"
            },
            "tags_all": {
              "Name": "christian-lime-ai-dev-ecs-execution-role"
            },
            "unique_id": "AROA3VPEAJ2QVSHHE3JSH"
          },
          "sensitive_attributes": [],
          "private": "bnVsbA=="
        }
      ]
    },
    {
      "module": "module.ecs_backend",
      "mode": "managed",
      "type": "aws_iam_role",
      "name": "ecs_task",
      "provider": "provider[\"registry.terraform.io/hashicorp/aws\"]",
      "instances": [
        {
          "schema_version": 0,
          "attributes": {
            "arn": "arn:aws:iam::802026442401:role/christian-lime-ai-dev-ecs-task-role",
            "assume_role_policy": "{\"Statement\":[{\"Action\":\"sts:AssumeRole\",\"Effect\":\"Allow\",\"Principal\":{\"Service\":\"ecs-tasks.amazonaws.com\"}}],\"Version\":\"2012-10-17\"}",
            "create_date": "2026-03-23T18:25:56Z",
            "description": "",
            "force_detach_policies": false,
            "id": "christian-lime-ai-dev-ecs-task-role",
            "inline_policy": [
              {
                "name": "christian-lime-ai-dev-ecs-sqs-policy",
                "policy": "{\"Version\":\"2012-10-17\",\"Statement\":[{\"Action\":[\"sqs:*\"],\"Effect\":\"Allow\",\"Resource\":\"arn:aws:sqs:eu-north-1:802026442401:christian-lime-ai-dev-transactions-sqs\"}]}"
              }
            ],
            "managed_policy_arns": [],
            "max_session_duration": 3600,
            "name": "christian-lime-ai-dev-ecs-task-role",
            "name_prefix": "",
            "path": "/",
            "permissions_boundary": "",
            "tags": {
              "Name": "christian-lime-ai-dev-ecs-task-role"
            },
            "tags_all": {
              "Name": "christian-lime-ai-dev-ecs-task-role"
            },
            "unique_id": "AROA3VPEAJ2Q5VTXAJYNX"
          },
          "sensitive_attributes": [],
          "private": "bnVsbA=="
        }
      ]
    },
    {
      "module": "module.ecs_backend",
      "mode": "managed",
      "type": "aws_iam_role_policy",
      "name": "ecs_logs",
      "provider": "provider[\"registry.terraform.io/hashicorp/aws\"]",
      "instances": [
        {
          "schema_version": 0,
          "attributes": {
            "id": "christian-lime-ai-dev-ecs-execution-role:christian-lime-ai-dev-ecs-logs-policy",
            "name": "christian-lime-ai-dev-ecs-logs-policy",
            "name_prefix": "",
            "policy": "{\"Version\":\"2012-10-17\",\"Statement\":[{\"Action\":[\"logs:CreateLogGroup\"],\"Effect\":\"Allow\",\"Resource\":\"*\"}]}",
            "role": "christian-lime-ai-dev-ecs-execution-role"
          },
          "sensitive_attributes": [],
          "private": "bnVsbA==",
          "dependencies": [
            "module.ecs_backend.aws_iam_role.ecs_execution"
          ]
        }
      ]
    },
    {
      "module": "module.ecs_backend",
      "mode": "managed",
      "type": "aws_iam_role_policy",
      "name": "ecs_sqs",
      "provider": "provider[\"registry.terraform.io/hashicorp/aws\"]",
      "instances": [
        {
          "schema_version": 0,
          "attributes": {
            "id": "christian-lime-ai-dev-ecs-task-role:christian-lime-ai-dev-ecs-sqs-policy",
            "name": "christian-lime-ai-dev-ecs-sqs-policy",
            "name_prefix": "",
            "policy": "{\"Version\":\"2012-10-17\",\"Statement\":[{\"Action\":[\"sqs:*\"],\"Effect\":\"Allow\",\"Resource\":\"arn:aws:sqs:eu-north-1:802026442401:christian-lime-ai-dev-transactions-sqs\"}]}",
            "role": "christian-lime-ai-dev-ecs-task-role"
          },
          "sensitive_attributes": [],
          "private": "bnVsbA==",
          "dependencies": [
            "module.ecs_backend.aws_iam_role.ecs_task",
            "module.sqs.aws_sqs_queue.transactions"
          ]
        }
      ]
    },
    {
      "module": "module.ecs_backend",
      "mode": "managed",
      "type": "aws_iam_role_policy_attachment",
      "name": "ecs_execution",
      "provider": "provider[\"registry.terraform.io/hashicorp/aws\"]",
      "instances": [
        {
          "schema_version": 0,
          "attributes": {
            "id": "christian-lime-ai-dev-ecs-execution-role-20260323182557153000000001",
            "policy_arn": "arn:aws:iam::aws:policy/service-role/AmazonECSTaskExecutionRolePolicy",
            "role": "christian-lime-ai-dev-ecs-execution-role"
          },
          "sensitive_attributes": [],
          "private": "bnVsbA==",
          "dependencies": [
            "module.ecs_backend.aws_iam_role.ecs_execution"
          ]
        }
      ]
    },
    {
      "module": "module.ecs_backend",
      "mode": "managed",
      "type": "aws_security_group",
      "name": "ecs",
      "provider": "provider[\"registry.terraform.io/hashicorp/aws\"]",
      "instances": [
        {
          "schema_version": 1,
          "attributes": {
            "arn": "arn:aws:ec2:eu-north-1:802026442401:security-group/sg-0a72c0aa6aaebcd2a",
            "description": "ECS service security group",
            "egress": [
              {
                "cidr_blocks": [
                  "0.0.0.0/0"
                ],
                "description": "",
                "from_port": 0,
                "ipv6_cidr_blocks": [],
                "prefix_list_ids": [],
                "protocol": "-1",
                "security_groups": [],
                "self": false,
                "to_port": 0
              }
            ],
            "id": "sg-0a72c0aa6aaebcd2a",
            "ingress": [
              {
                "cidr_blocks": [
                  "0.0.0.0/0"
                ],
                "description": "Backend API",
                "from_port": 8001,
                "ipv6_cidr_blocks": [],
                "prefix_list_ids": [],
                "protocol": "tcp",
                "security_groups": [],
                "self": false,
                "to_port": 8001
              }
            ],
            "name": "christian-lime-ai-dev-ecs-sg",
            "name_prefix": "",
            "owner_id": "802026442401",
            "revoke_rules_on_delete": false,
            "tags": {
              "Name": "christian-lime-ai-dev-ecs-sg"
            },
            "tags_all": {
              "Name": "christian-lime-ai-dev-ecs-sg"
            },
            "timeouts": null,
            "vpc_id": "vpc-0eedc9f0d02e9df0c"
          },
          "sensitive_attributes": [],
          "private": "eyJlMmJmYjczMC1lY2FhLTExZTYtOGY4OC0zNDM2M2JjN2M0YzAiOnsiY3JlYXRlIjo2MDAwMDAwMDAwMDAsImRlbGV0ZSI6OTAwMDAwMDAwMDAwfSwic2NoZW1hX3ZlcnNpb24iOiIxIn0=",
          "dependencies": [
            "module.vpc.aws_vpc.main"
          ]
        }
      ]
    },
    {
      "module": "module.rds",
      "mode": "managed",
      "type": "aws_db_instance",
      "name": "this",
      "provider": "provider[\"registry.terraform.io/hashicorp/aws\"]",
      "instances": [
        {
          "schema_version": 2,
          "attributes": {
            "address": "christian-lime-ai-dev-postgresdb.cvkj09hn6us5.eu-north-1.rds.amazonaws.com",
            "allocated_storage": 20,
            "allow_major_version_upgrade": null,
            "apply_immediately": false,
            "arn": "arn:aws:rds:eu-north-1:802026442401:db:christian-lime-ai-dev-postgresdb",
            "auto_minor_version_upgrade": true,
            "availability_zone": "eu-north-1b",
            "backup_retention_period": 0,
            "backup_target": "region",
            "backup_window": "23:35-00:05",
            "blue_green_update": [],
            "ca_cert_identifier": "rds-ca-rsa2048-g1",
            "character_set_name": "",
            "copy_tags_to_snapshot": false,
            "custom_iam_instance_profile": "",
            "customer_owned_ip_enabled": false,
            "database_insights_mode": "standard",
            "db_name": "postgres",
            "db_subnet_group_name": "christian-lime-ai-dev-db-subnet-group",
            "dedicated_log_volume": false,
            "delete_automated_backups": true,
            "deletion_protection": false,
            "domain": "",
            "domain_auth_secret_arn": "",
            "domain_dns_ips": [],
            "domain_fqdn": "",
            "domain_iam_role_name": "",
            "domain_ou": "",
            "enabled_cloudwatch_logs_exports": [],
            "endpoint": "christian-lime-ai-dev-postgresdb.cvkj09hn6us5.eu-north-1.rds.amazonaws.com:5432",
            "engine": "postgres",
            "engine_lifecycle_support": "open-source-rds-extended-support",
            "engine_version": "17.4",
            "engine_version_actual": "17.4",
            "final_snapshot_identifier": null,
            "hosted_zone_id": "Z3MPDEQW7KHUGY",
            "iam_database_authentication_enabled": false,
            "id": "db-ABVD4CLIOE5XL4L72VAHWNQRVA",
            "identifier": "christian-lime-ai-dev-postgresdb",
            "identifier_prefix": "",
            "instance_class": "db.t4g.micro",
            "iops": 3000,
            "kms_key_id": "",
            "latest_restorable_time": "",
            "license_model": "postgresql-license",
            "listener_endpoint": [],
            "maintenance_window": "tue:04:59-tue:05:29",
            "manage_master_user_password": null,
            "master_user_secret": [],
            "master_user_secret_kms_key_id": null,
            "max_allocated_storage": 0,
            "monitoring_interval": 0,
            "monitoring_role_arn": "",
            "multi_az": false,
            "nchar_character_set_name": "",
            "network_type": "IPV4",
            "option_group_name": "default:postgres-17",
            "parameter_group_name": "default.postgres17",
            "password": "Sonykamera99!",
            "password_wo": null,
            "password_wo_version": null,
            "performance_insights_enabled": false,
            "performance_insights_kms_key_id": "",
            "performance_insights_retention_period": 0,
            "port": 5432,
            "publicly_accessible": false,
            "replica_mode": "",
            "replicas": [],
            "replicate_source_db": "",
            "resource_id": "db-ABVD4CLIOE5XL4L72VAHWNQRVA",
            "restore_to_point_in_time": [],
            "s3_import": [],
            "skip_final_snapshot": true,
            "snapshot_identifier": null,
            "status": "available",
            "storage_encrypted": false,
            "storage_throughput": 125,
            "storage_type": "gp3",
            "tags": {
              "Name": "christian-lime-ai-dev-postgresdb"
            },
            "tags_all": {
              "Name": "christian-lime-ai-dev-postgresdb"
            },
            "timeouts": null,
            "timezone": "",
            "upgrade_storage_config": null,
            "username": "christian",
            "vpc_security_group_ids": [
              "sg-01dc09df4f992dfa5"
            ]
          },
          "sensitive_attributes": [
            [
              {
                "type": "get_attr",
                "value": "password"
              }
            ]
          ],
          "private": "eyJlMmJmYjczMC1lY2FhLTExZTYtOGY4OC0zNDM2M2JjN2M0YzAiOnsiY3JlYXRlIjozMDAwMDAwMDAwMDAwLCJkZWxldGUiOjM2MDAwMDAwMDAwMDAsInVwZGF0ZSI6NDgwMDAwMDAwMDAwMH0sInNjaGVtYV92ZXJzaW9uIjoiMiJ9",
          "dependencies": [
            "module.ec2_agent.aws_security_group.this",
            "module.ecs_backend.aws_security_group.ecs",
            "module.rds.aws_db_subnet_group.this",
            "module.rds.aws_security_group.this",
            "module.vpc.aws_subnet.private",
            "module.vpc.aws_vpc.main"
          ]
        }
      ]
    },
    {
      "module": "module.rds",
      "mode": "managed",
      "type": "aws_db_subnet_group",
      "name": "this",
      "provider": "provider[\"registry.terraform.io/hashicorp/aws\"]",
      "instances": [
        {
          "schema_version": 0,
          "attributes": {
            "arn": "arn:aws:rds:eu-north-1:802026442401:subgrp:christian-lime-ai-dev-db-subnet-group",
            "description": "Managed by Terraform",
            "id": "christian-lime-ai-dev-db-subnet-group",
            "name": "christian-lime-ai-dev-db-subnet-group",
            "name_prefix": "",
            "subnet_ids": [
              "subnet-014496d6adb5b0ccd",
              "subnet-04b699a8e1165291f"
            ],
            "supported_network_types": [
              "IPV4"
            ],
            "tags": {
              "Name": "christian-lime-ai-dev-db-subnet-group"
            },
            "tags_all": {
              "Name": "christian-lime-ai-dev-db-subnet-group"
            },
            "vpc_id": "vpc-0eedc9f0d02e9df0c"
          },
          "sensitive_attributes": [],
          "private": "bnVsbA==",
          "dependencies": [
            "module.vpc.aws_subnet.private",
            "module.vpc.aws_vpc.main"
          ]
        }
      ]
    },
    {
      "module": "module.rds",
      "mode": "managed",
      "type": "aws_security_group",
      "name": "this",
      "provider": "provider[\"registry.terraform.io/hashicorp/aws\"]",
      "instances": [
        {
          "schema_version": 1,
          "attributes": {
            "arn": "arn:aws:ec2:eu-north-1:802026442401:security-group/sg-01dc09df4f992dfa5",
            "description": "RDS security group",
            "egress": [],
            "id": "sg-01dc09df4f992dfa5",
            "ingress": [
              {
                "cidr_blocks": [],
                "description": "PostgreSQL from EC2 agent",
                "from_port": 5432,
                "ipv6_cidr_blocks": [],
                "prefix_list_ids": [],
                "protocol": "tcp",
                "security_groups": [
                  "sg-09a91ddf8efdddf11"
                ],
                "self": false,
                "to_port": 5432
              },
              {
                "cidr_blocks": [],
                "description": "PostgreSQL from ECS backend",
                "from_port": 5432,
                "ipv6_cidr_blocks": [],
                "prefix_list_ids": [],
                "protocol": "tcp",
                "security_groups": [
                  "sg-0a72c0aa6aaebcd2a"
                ],
                "self": false,
                "to_port": 5432
              }
            ],
            "name": "christian-lime-ai-dev-rds-sg",
            "name_prefix": "",
            "owner_id": "802026442401",
            "revoke_rules_on_delete": false,
            "tags": {
              "Name": "christian-lime-ai-dev-rds-sg"
            },
            "tags_all": {
              "Name": "christian-lime-ai-dev-rds-sg"
            },
            "timeouts": null,
            "vpc_id": "vpc-0eedc9f0d02e9df0c"
          },
          "sensitive_attributes": [],
          "private": "eyJlMmJmYjczMC1lY2FhLTExZTYtOGY4OC0zNDM2M2JjN2M0YzAiOnsiY3JlYXRlIjo2MDAwMDAwMDAwMDAsImRlbGV0ZSI6OTAwMDAwMDAwMDAwfSwic2NoZW1hX3ZlcnNpb24iOiIxIn0=",
          "dependencies": [
            "module.ec2_agent.aws_security_group.this",
            "module.ecs_backend.aws_security_group.ecs",
            "module.vpc.aws_vpc.main"
          ]
        }
      ]
    },
    {
      "module": "module.sqs",
      "mode": "managed",
      "type": "aws_sqs_queue",
      "name": "transactions",
      "provider": "provider[\"registry.terraform.io/hashicorp/aws\"]",
      "instances": [
        {
          "schema_version": 0,
          "attributes": {
            "arn": "arn:aws:sqs:eu-north-1:802026442401:christian-lime-ai-dev-transactions-sqs",
            "content_based_deduplication": false,
            "deduplication_scope": "",
            "delay_seconds": 0,
            "fifo_queue": false,
            "fifo_throughput_limit": "",
            "id": "https://sqs.eu-north-1.amazonaws.com/802026442401/christian-lime-ai-dev-transactions-sqs",
            "kms_data_key_reuse_period_seconds": 300,
            "kms_master_key_id": "",
            "max_message_size": 262144,
            "message_retention_seconds": 345600,
            "name": "christian-lime-ai-dev-transactions-sqs",
            "name_prefix": "",
            "policy": "",
            "receive_wait_time_seconds": 20,
            "redrive_allow_policy": "",
            "redrive_policy": "",
            "sqs_managed_sse_enabled": true,
            "tags": {},
            "tags_all": {},
            "timeouts": null,
            "url": "https://sqs.eu-north-1.amazonaws.com/802026442401/christian-lime-ai-dev-transactions-sqs",
            "visibility_timeout_seconds": 120
          },
          "sensitive_attributes": [],
          "private": "eyJlMmJmYjczMC1lY2FhLTExZTYtOGY4OC0zNDM2M2JjN2M0YzAiOnsiY3JlYXRlIjoxODAwMDAwMDAwMDAsImRlbGV0ZSI6MTgwMDAwMDAwMDAwLCJ1cGRhdGUiOjE4MDAwMDAwMDAwMH19"
        }
      ]
    },
    {
      "module": "module.vpc",
      "mode": "managed",
      "type": "aws_internet_gateway",
      "name": "main",
      "provider": "provider[\"registry.terraform.io/hashicorp/aws\"]",
      "instances": [
        {
          "schema_version": 0,
          "attributes": {
            "arn": "arn:aws:ec2:eu-north-1:802026442401:internet-gateway/igw-082d340e19f75fb17",
            "id": "igw-082d340e19f75fb17",
            "owner_id": "802026442401",
            "tags": {
              "Name": "christian-lime-ai-dev-igw"
            },
            "tags_all": {
              "Name": "christian-lime-ai-dev-igw"
            },
            "timeouts": null,
            "vpc_id": "vpc-0eedc9f0d02e9df0c"
          },
          "sensitive_attributes": [],
          "private": "eyJlMmJmYjczMC1lY2FhLTExZTYtOGY4OC0zNDM2M2JjN2M0YzAiOnsiY3JlYXRlIjoxMjAwMDAwMDAwMDAwLCJkZWxldGUiOjEyMDAwMDAwMDAwMDAsInVwZGF0ZSI6MTIwMDAwMDAwMDAwMH19",
          "dependencies": [
            "module.vpc.aws_vpc.main"
          ]
        }
      ]
    },
    {
      "module": "module.vpc",
      "mode": "managed",
      "type": "aws_route_table",
      "name": "public",
      "provider": "provider[\"registry.terraform.io/hashicorp/aws\"]",
      "instances": [
        {
          "schema_version": 0,
          "attributes": {
            "arn": "arn:aws:ec2:eu-north-1:802026442401:route-table/rtb-086d901009aa5f883",
            "id": "rtb-086d901009aa5f883",
            "owner_id": "802026442401",
            "propagating_vgws": [],
            "route": [
              {
                "carrier_gateway_id": "",
                "cidr_block": "0.0.0.0/0",
                "core_network_arn": "",
                "destination_prefix_list_id": "",
                "egress_only_gateway_id": "",
                "gateway_id": "igw-082d340e19f75fb17",
                "ipv6_cidr_block": "",
                "local_gateway_id": "",
                "nat_gateway_id": "",
                "network_interface_id": "",
                "transit_gateway_id": "",
                "vpc_endpoint_id": "",
                "vpc_peering_connection_id": ""
              }
            ],
            "tags": {
              "Name": "christian-lime-ai-dev-public-rt"
            },
            "tags_all": {
              "Name": "christian-lime-ai-dev-public-rt"
            },
            "timeouts": null,
            "vpc_id": "vpc-0eedc9f0d02e9df0c"
          },
          "sensitive_attributes": [],
          "private": "eyJlMmJmYjczMC1lY2FhLTExZTYtOGY4OC0zNDM2M2JjN2M0YzAiOnsiY3JlYXRlIjozMDAwMDAwMDAwMDAsImRlbGV0ZSI6MzAwMDAwMDAwMDAwLCJ1cGRhdGUiOjEyMDAwMDAwMDAwMH19",
          "dependencies": [
            "module.vpc.aws_internet_gateway.main",
            "module.vpc.aws_vpc.main"
          ]
        }
      ]
    },
    {
      "module": "module.vpc",
      "mode": "managed",
      "type": "aws_route_table_association",
      "name": "public",
      "provider": "provider[\"registry.terraform.io/hashicorp/aws\"]",
      "instances": [
        {
          "index_key": 0,
          "schema_version": 0,
          "attributes": {
            "gateway_id": "",
            "id": "rtbassoc-06f9fab5aa493a081",
            "route_table_id": "rtb-086d901009aa5f883",
            "subnet_id": "subnet-018e6fec2e6d214d6",
            "timeouts": null
          },
          "sensitive_attributes": [],
          "private": "eyJlMmJmYjczMC1lY2FhLTExZTYtOGY4OC0zNDM2M2JjN2M0YzAiOnsiY3JlYXRlIjozMDAwMDAwMDAwMDAsImRlbGV0ZSI6MzAwMDAwMDAwMDAwLCJ1cGRhdGUiOjEyMDAwMDAwMDAwMH19",
          "dependencies": [
            "module.vpc.aws_internet_gateway.main",
            "module.vpc.aws_route_table.public",
            "module.vpc.aws_subnet.public",
            "module.vpc.aws_vpc.main"
          ]
        },
        {
          "index_key": 1,
          "schema_version": 0,
          "attributes": {
            "gateway_id": "",
            "id": "rtbassoc-0dee0ef6ba78b6989",
            "route_table_id": "rtb-086d901009aa5f883",
            "subnet_id": "subnet-05c6f1717da4d82da",
            "timeouts": null
          },
          "sensitive_attributes": [],
          "private": "eyJlMmJmYjczMC1lY2FhLTExZTYtOGY4OC0zNDM2M2JjN2M0YzAiOnsiY3JlYXRlIjozMDAwMDAwMDAwMDAsImRlbGV0ZSI6MzAwMDAwMDAwMDAwLCJ1cGRhdGUiOjEyMDAwMDAwMDAwMH19",
          "dependencies": [
            "module.vpc.aws_internet_gateway.main",
            "module.vpc.aws_route_table.public",
            "module.vpc.aws_subnet.public",
            "module.vpc.aws_vpc.main"
          ]
        }
      ]
    },
    {
      "module": "module.vpc",
      "mode": "managed",
      "type": "aws_subnet",
      "name": "private",
      "provider": "provider[\"registry.terraform.io/hashicorp/aws\"]",
      "instances": [
        {
          "index_key": 0,
          "schema_version": 1,
          "attributes": {
            "arn": "arn:aws:ec2:eu-north-1:802026442401:subnet/subnet-04b699a8e1165291f",
            "assign_ipv6_address_on_creation": false,
            "availability_zone": "eu-north-1a",
            "availability_zone_id": "eun1-az1",
            "cidr_block": "10.0.3.0/24",
            "customer_owned_ipv4_pool": "",
            "enable_dns64": false,
            "enable_lni_at_device_index": 0,
            "enable_resource_name_dns_a_record_on_launch": false,
            "enable_resource_name_dns_aaaa_record_on_launch": false,
            "id": "subnet-04b699a8e1165291f",
            "ipv6_cidr_block": "",
            "ipv6_cidr_block_association_id": "",
            "ipv6_native": false,
            "map_customer_owned_ip_on_launch": false,
            "map_public_ip_on_launch": false,
            "outpost_arn": "",
            "owner_id": "802026442401",
            "private_dns_hostname_type_on_launch": "ip-name",
            "tags": {
              "Name": "christian-lime-ai-dev-private-subnet-1"
            },
            "tags_all": {
              "Name": "christian-lime-ai-dev-private-subnet-1"
            },
            "timeouts": null,
            "vpc_id": "vpc-0eedc9f0d02e9df0c"
          },
          "sensitive_attributes": [],
          "private": "eyJlMmJmYjczMC1lY2FhLTExZTYtOGY4OC0zNDM2M2JjN2M0YzAiOnsiY3JlYXRlIjo2MDAwMDAwMDAwMDAsImRlbGV0ZSI6MTIwMDAwMDAwMDAwMH0sInNjaGVtYV92ZXJzaW9uIjoiMSJ9",
          "dependencies": [
            "module.vpc.aws_vpc.main"
          ]
        },
        {
          "index_key": 1,
          "schema_version": 1,
          "attributes": {
            "arn": "arn:aws:ec2:eu-north-1:802026442401:subnet/subnet-014496d6adb5b0ccd",
            "assign_ipv6_address_on_creation": false,
            "availability_zone": "eu-north-1b",
            "availability_zone_id": "eun1-az2",
            "cidr_block": "10.0.4.0/24",
            "customer_owned_ipv4_pool": "",
            "enable_dns64": false,
            "enable_lni_at_device_index": 0,
            "enable_resource_name_dns_a_record_on_launch": false,
            "enable_resource_name_dns_aaaa_record_on_launch": false,
            "id": "subnet-014496d6adb5b0ccd",
            "ipv6_cidr_block": "",
            "ipv6_cidr_block_association_id": "",
            "ipv6_native": false,
            "map_customer_owned_ip_on_launch": false,
            "map_public_ip_on_launch": false,
            "outpost_arn": "",
            "owner_id": "802026442401",
            "private_dns_hostname_type_on_launch": "ip-name",
            "tags": {
              "Name": "christian-lime-ai-dev-private-subnet-2"
            },
            "tags_all": {
              "Name": "christian-lime-ai-dev-private-subnet-2"
            },
            "timeouts": null,
            "vpc_id": "vpc-0eedc9f0d02e9df0c"
          },
          "sensitive_attributes": [],
          "private": "eyJlMmJmYjczMC1lY2FhLTExZTYtOGY4OC0zNDM2M2JjN2M0YzAiOnsiY3JlYXRlIjo2MDAwMDAwMDAwMDAsImRlbGV0ZSI6MTIwMDAwMDAwMDAwMH0sInNjaGVtYV92ZXJzaW9uIjoiMSJ9",
          "dependencies": [
            "module.vpc.aws_vpc.main"
          ]
        }
      ]
    },
    {
      "module": "module.vpc",
      "mode": "managed",
      "type": "aws_subnet",
      "name": "public",
      "provider": "provider[\"registry.terraform.io/hashicorp/aws\"]",
      "instances": [
        {
          "index_key": 0,
          "schema_version": 1,
          "attributes": {
            "arn": "arn:aws:ec2:eu-north-1:802026442401:subnet/subnet-018e6fec2e6d214d6",
            "assign_ipv6_address_on_creation": false,
            "availability_zone": "eu-north-1a",
            "availability_zone_id": "eun1-az1",
            "cidr_block": "10.0.1.0/24",
            "customer_owned_ipv4_pool": "",
            "enable_dns64": false,
            "enable_lni_at_device_index": 0,
            "enable_resource_name_dns_a_record_on_launch": false,
            "enable_resource_name_dns_aaaa_record_on_launch": false,
            "id": "subnet-018e6fec2e6d214d6",
            "ipv6_cidr_block": "",
            "ipv6_cidr_block_association_id": "",
            "ipv6_native": false,
            "map_customer_owned_ip_on_launch": false,
            "map_public_ip_on_launch": true,
            "outpost_arn": "",
            "owner_id": "802026442401",
            "private_dns_hostname_type_on_launch": "ip-name",
            "tags": {
              "Name": "christian-lime-ai-dev-public-subnet-1"
            },
            "tags_all": {
              "Name": "christian-lime-ai-dev-public-subnet-1"
            },
            "timeouts": null,
            "vpc_id": "vpc-0eedc9f0d02e9df0c"
          },
          "sensitive_attributes": [],
          "private": "eyJlMmJmYjczMC1lY2FhLTExZTYtOGY4OC0zNDM2M2JjN2M0YzAiOnsiY3JlYXRlIjo2MDAwMDAwMDAwMDAsImRlbGV0ZSI6MTIwMDAwMDAwMDAwMH0sInNjaGVtYV92ZXJzaW9uIjoiMSJ9",
          "dependencies": [
            "module.vpc.aws_vpc.main"
          ]
        },
        {
          "index_key": 1,
          "schema_version": 1,
          "attributes": {
            "arn": "arn:aws:ec2:eu-north-1:802026442401:subnet/subnet-05c6f1717da4d82da",
            "assign_ipv6_address_on_creation": false,
            "availability_zone": "eu-north-1b",
            "availability_zone_id": "eun1-az2",
            "cidr_block": "10.0.2.0/24",
            "customer_owned_ipv4_pool": "",
            "enable_dns64": false,
            "enable_lni_at_device_index": 0,
            "enable_resource_name_dns_a_record_on_launch": false,
            "enable_resource_name_dns_aaaa_record_on_launch": false,
            "id": "subnet-05c6f1717da4d82da",
            "ipv6_cidr_block": "",
            "ipv6_cidr_block_association_id": "",
            "ipv6_native": false,
            "map_customer_owned_ip_on_launch": false,
            "map_public_ip_on_launch": true,
            "outpost_arn": "",
            "owner_id": "802026442401",
            "private_dns_hostname_type_on_launch": "ip-name",
            "tags": {
              "Name": "christian-lime-ai-dev-public-subnet-2"
            },
            "tags_all": {
              "Name": "christian-lime-ai-dev-public-subnet-2"
            },
            "timeouts": null,
            "vpc_id": "vpc-0eedc9f0d02e9df0c"
          },
          "sensitive_attributes": [],
          "private": "eyJlMmJmYjczMC1lY2FhLTExZTYtOGY4OC0zNDM2M2JjN2M0YzAiOnsiY3JlYXRlIjo2MDAwMDAwMDAwMDAsImRlbGV0ZSI6MTIwMDAwMDAwMDAwMH0sInNjaGVtYV92ZXJzaW9uIjoiMSJ9",
          "dependencies": [
            "module.vpc.aws_vpc.main"
          ]
        }
      ]
    },
    {
      "module": "module.vpc",
      "mode": "managed",
      "type": "aws_vpc",
      "name": "main",
      "provider": "provider[\"registry.terraform.io/hashicorp/aws\"]",
      "instances": [
        {
          "schema_version": 1,
          "attributes": {
            "arn": "arn:aws:ec2:eu-north-1:802026442401:vpc/vpc-0eedc9f0d02e9df0c",
            "assign_generated_ipv6_cidr_block": false,
            "cidr_block": "10.0.0.0/16",
            "default_network_acl_id": "acl-060bcad91a4c2145e",
            "default_route_table_id": "rtb-08c51533f6e3e38b2",
            "default_security_group_id": "sg-01c5781b836e31828",
            "dhcp_options_id": "dopt-097a192df7c8c8b1e",
            "enable_dns_hostnames": true,
            "enable_dns_support": true,
            "enable_network_address_usage_metrics": false,
            "id": "vpc-0eedc9f0d02e9df0c",
            "instance_tenancy": "default",
            "ipv4_ipam_pool_id": null,
            "ipv4_netmask_length": null,
            "ipv6_association_id": "",
            "ipv6_cidr_block": "",
            "ipv6_cidr_block_network_border_group": "",
            "ipv6_ipam_pool_id": "",
            "ipv6_netmask_length": 0,
            "main_route_table_id": "rtb-08c51533f6e3e38b2",
            "owner_id": "802026442401",
            "tags": {
              "Name": "christian-lime-ai-dev-vpc"
            },
            "tags_all": {
              "Name": "christian-lime-ai-dev-vpc"
            }
          },
          "sensitive_attributes": [],
          "private": "eyJzY2hlbWFfdmVyc2lvbiI6IjEifQ=="
        }
      ]
    }
  ],
  "check_results": null
}
